apiVersion: vendir.k14s.io/v1alpha1
directories:
- contents:
  - git:
      commitTitle: 'fix: restore gh skill install compatibility with a single nested
        entrypoint'
      sha: d7869000576a9f811a1542eceec57044219550a9
      tags:
      - v1.0.9
    path: .
  path: .agents/skills/yomiyasu
kind: LockConfig
